// !$*UTF8*$!
{
	archiveVersion = 1;
	classes = {
	};
	objectVersion = 50;
	objects = {

/* Begin PBXBuildFile section */
		0284ACC2075512019CAE74FD /* Pods_NSURLSessionTest.framework in Frameworks */ = {isa = PBXBuildFile; fileRef = 9C33BEC66025931BE86FA440 /* Pods_NSURLSessionTest.framework */; };
		02C2ACE85A767650F04585CA /* Pods_NSURLSessionTestTests.framework in Frameworks */ = {isa = PBXBuildFile; fileRef = E976F5681EFCD49A1023B5C1 /* Pods_NSURLSessionTestTests.framework */; };
		164B4AAE23ADBA960029EF7A /* URLSessionTest.mov in Resources */ = {isa = PBXBuildFile; fileRef = 164B4AAD23ADBA960029EF7A /* URLSessionTest.mov */; };
		54BC6A009A155FF51CEC66EF /* Pods_NSURLSessionTest_NSURLSessionTestUITests.framework in Frameworks */ = {isa = PBXBuildFile; fileRef = 42A7B9A8B1CC16E6C83A5273 /* Pods_NSURLSessionTest_NSURLSessionTestUITests.framework */; };
		6D16030423A4725000BE86C1 /* AppDelegate.m in Sources */ = {isa = PBXBuildFile; fileRef = 6D16030323A4725000BE86C1 /* AppDelegate.m */; };
		6D16030723A4725000BE86C1 /* ViewController.m in Sources */ = {isa = PBXBuildFile; fileRef = 6D16030623A4725000BE86C1 /* ViewController.m */; };
		6D16030A23A4725000BE86C1 /* Main.storyboard in Resources */ = {isa = PBXBuildFile; fileRef = 6D16030823A4725000BE86C1 /* Main.storyboard */; };
		6D16030C23A4725600BE86C1 /* Assets.xcassets in Resources */ = {isa = PBXBuildFile; fileRef = 6D16030B23A4725600BE86C1 /* Assets.xcassets */; };
		6D16030F23A4725600BE86C1 /* LaunchScreen.storyboard in Resources */ = {isa = PBXBuildFile; fileRef = 6D16030D23A4725600BE86C1 /* LaunchScreen.storyboard */; };
		6D16031223A4725600BE86C1 /* main.m in Sources */ = {isa = PBXBuildFile; fileRef = 6D16031123A4725600BE86C1 /* main.m */; };
		6D16031C23A4725700BE86C1 /* NSURLSessionTestTests.m in Sources */ = {isa = PBXBuildFile; fileRef = 6D16031B23A4725700BE86C1 /* NSURLSessionTestTests.m */; };
		6D16032723A4725700BE86C1 /* NSURLSessionTestUITests.m in Sources */ = {isa = PBXBuildFile; fileRef = 6D16032623A4725700BE86C1 /* NSURLSessionTestUITests.m */; };
/* End PBXBuildFile section */

/* Begin PBXContainerItemProxy section */
		6D16031823A4725700BE86C1 /* PBXContainerItemProxy */ = {
			isa = PBXContainerItemProxy;
			containerPortal = 6D1602F723A4725000BE86C1 /* Project object */;
			proxyType = 1;
			remoteGlobalIDString = 6D1602FE23A4725000BE86C1;
			remoteInfo = NSURLSessionTest;
		};
		6D16032323A4725700BE86C1 /* PBXContainerItemProxy */ = {
			isa = PBXContainerItemProxy;
			containerPortal = 6D1602F723A4725000BE86C1 /* Project object */;
			proxyType = 1;
			remoteGlobalIDString = 6D1602FE23A4725000BE86C1;
			remoteInfo = NSURLSessionTest;
		};
/* End PBXContainerItemProxy section */

/* Begin PBXFileReference section */
		0A12A9AF74E00D615CD5C51B /* Pods-NSURLSessionTestTests.release.xcconfig */ = {isa = PBXFileReference; includeInIndex = 1; lastKnownFileType = text.xcconfig; name = "Pods-NSURLSessionTestTests.release.xcconfig"; path = "Target Support Files/Pods-NSURLSessionTestTests/Pods-NSURLSessionTestTests.release.xcconfig"; sourceTree = "<group>"; };
		164B4AAD23ADBA960029EF7A /* URLSessionTest.mov */ = {isa = PBXFileReference; lastKnownFileType = video.quicktime; path = URLSessionTest.mov; sourceTree = "<group>"; };
		24BE380BEE96AF66FCBFA261 /* Pods-NSURLSessionTest-NSURLSessionTestUITests.debug.xcconfig */ = {isa = PBXFileReference; includeInIndex = 1; lastKnownFileType = text.xcconfig; name = "Pods-NSURLSessionTest-NSURLSessionTestUITests.debug.xcconfig"; path = "Target Support Files/Pods-NSURLSessionTest-NSURLSessionTestUITests/Pods-NSURLSessionTest-NSURLSessionTestUITests.debug.xcconfig"; sourceTree = "<group>"; };
		2B3D32FA12BEFFCBB4E9290E /* Pods-NSURLSessionTest-NSURLSessionTestUITests.release.xcconfig */ = {isa = PBXFileReference; includeInIndex = 1; lastKnownFileType = text.xcconfig; name = "Pods-NSURLSessionTest-NSURLSessionTestUITests.release.xcconfig"; path = "Target Support Files/Pods-NSURLSessionTest-NSURLSessionTestUITests/Pods-NSURLSessionTest-NSURLSessionTestUITests.release.xcconfig"; sourceTree = "<group>"; };
		42A7B9A8B1CC16E6C83A5273 /* Pods_NSURLSessionTest_NSURLSessionTestUITests.framework */ = {isa = PBXFileReference; explicitFileType = wrapper.framework; includeInIndex = 0; path = Pods_NSURLSessionTest_NSURLSessionTestUITests.framework; sourceTree = BUILT_PRODUCTS_DIR; };
		6D1602FF23A4725000BE86C1 /* NSURLSessionTest.app */ = {isa = PBXFileReference; explicitFileType = wrapper.application; includeInIndex = 0; path = NSURLSessionTest.app; sourceTree = BUILT_PRODUCTS_DIR; };
		6D16030223A4725000BE86C1 /* AppDelegate.h */ = {isa = PBXFileReference; lastKnownFileType = sourcecode.c.h; path = AppDelegate.h; sourceTree = "<group>"; };
		6D16030323A4725000BE86C1 /* AppDelegate.m */ = {isa = PBXFileReference; lastKnownFileType = sourcecode.c.objc; path = AppDelegate.m; sourceTree = "<group>"; };
		6D16030523A4725000BE86C1 /* ViewController.h */ = {isa = PBXFileReference; lastKnownFileType = sourcecode.c.h; path = ViewController.h; sourceTree = "<group>"; };
		6D16030623A4725000BE86C1 /* ViewController.m */ = {isa = PBXFileReference; lastKnownFileType = sourcecode.c.objc; path = ViewController.m; sourceTree = "<group>"; };
		6D16030923A4725000BE86C1 /* Base */ = {isa = PBXFileReference; lastKnownFileType = file.storyboard; name = Base; path = Base.lproj/Main.storyboard; sourceTree = "<group>"; };
		6D16030B23A4725600BE86C1 /* Assets.xcassets */ = {isa = PBXFileReference; lastKnownFileType = folder.assetcatalog; path = Assets.xcassets; sourceTree = "<group>"; };
		6D16030E23A4725600BE86C1 /* Base */ = {isa = PBXFileReference; lastKnownFileType = file.storyboard; name = Base; path = Base.lproj/LaunchScreen.storyboard; sourceTree = "<group>"; };
		6D16031023A4725600BE86C1 /* Info.plist */ = {isa = PBXFileReference; lastKnownFileType = text.plist.xml; path = Info.plist; sourceTree = "<group>"; };
		6D16031123A4725600BE86C1 /* main.m */ = {isa = PBXFileReference; lastKnownFileType = sourcecode.c.objc; path = main.m; sourceTree = "<group>"; };
		6D16031723A4725700BE86C1 /* NSURLSessionTestTests.xctest */ = {isa = PBXFileReference; explicitFileType = wrapper.cfbundle; includeInIndex = 0; path = NSURLSessionTestTests.xctest; sourceTree = BUILT_PRODUCTS_DIR; };
		6D16031B23A4725700BE86C1 /* NSURLSessionTestTests.m */ = {isa = PBXFileReference; lastKnownFileType = sourcecode.c.objc; path = NSURLSessionTestTests.m; sourceTree = "<group>"; };
		6D16031D23A4725700BE86C1 /* Info.plist */ = {isa = PBXFileReference; lastKnownFileType = text.plist.xml; path = Info.plist; sourceTree = "<group>"; };
		6D16032223A4725700BE86C1 /* NSURLSessionTestUITests.xctest */ = {isa = PBXFileReference; explicitFileType = wrapper.cfbundle; includeInIndex = 0; path = NSURLSessionTestUITests.xctest; sourceTree = BUILT_PRODUCTS_DIR; };
		6D16032623A4725700BE86C1 /* NSURLSessionTestUITests.m */ = {isa = PBXFileReference; lastKnownFileType = sourcecode.c.objc; path = NSURLSessionTestUITests.m; sourceTree = "<group>"; };
		6D16032823A4725700BE86C1 /* Info.plist */ = {isa = PBXFileReference; lastKnownFileType = text.plist.xml; path = Info.plist; sourceTree = "<group>"; };
		85D38DCDA4C827A11E1ADF92 /* Pods-NSURLSessionTest.debug.xcconfig */ = {isa = PBXFileReference; includeInIndex = 1; lastKnownFileType = text.xcconfig; name = "Pods-NSURLSessionTest.debug.xcconfig"; path = "Target Support Files/Pods-NSURLSessionTest/Pods-NSURLSessionTest.debug.xcconfig"; sourceTree = "<group>"; };
		98E4FDE2B2B88EBAFB6ED0AC /* Pods-NSURLSessionTestTests.debug.xcconfig */ = {isa = PBXFileReference; includeInIndex = 1; lastKnownFileType = text.xcconfig; name = "Pods-NSURLSessionTestTests.debug.xcconfig"; path = "Target Support Files/Pods-NSURLSessionTestTests/Pods-NSURLSessionTestTests.debug.xcconfig"; sourceTree = "<group>"; };
		9C33BEC66025931BE86FA440 /* Pods_NSURLSessionTest.framework */ = {isa = PBXFileReference; explicitFileType = wrapper.framework; includeInIndex = 0; path = Pods_NSURLSessionTest.framework; sourceTree = BUILT_PRODUCTS_DIR; };
		ACE73481C849A6934F804182 /* Pods-NSURLSessionTest.release.xcconfig */ = {isa = PBXFileReference; includeInIndex = 1; lastKnownFileType = text.xcconfig; name = "Pods-NSURLSessionTest.release.xcconfig"; path = "Target Support Files/Pods-NSURLSessionTest/Pods-NSURLSessionTest.release.xcconfig"; sourceTree = "<group>"; };
		E976F5681EFCD49A1023B5C1 /* Pods_NSURLSessionTestTests.framework */ = {isa = PBXFileReference; explicitFileType = wrapper.framework; includeInIndex = 0; path = Pods_NSURLSessionTestTests.framework; sourceTree = BUILT_PRODUCTS_DIR; };
/* End PBXFileReference section */

/* Begin PBXFrameworksBuildPhase section */
		6D1602FC23A4725000BE86C1 /* Frameworks */ = {
			isa = PBXFrameworksBuildPhase;
			buildActionMask = 2147483647;
			files = (
				0284ACC2075512019CAE74FD /* Pods_NSURLSessionTest.framework in Frameworks */,
			);
			runOnlyForDeploymentPostprocessing = 0;
		};
		6D16031423A4725700BE86C1 /* Frameworks */ = {
			isa = PBXFrameworksBuildPhase;
			buildActionMask = 2147483647;
			files = (
				02C2ACE85A767650F04585CA /* Pods_NSURLSessionTestTests.framework in Frameworks */,
			);
			runOnlyForDeploymentPostprocessing = 0;
		};
		6D16031F23A4725700BE86C1 /* Frameworks */ = {
			isa = PBXFrameworksBuildPhase;
			buildActionMask = 2147483647;
			files = (
				54BC6A009A155FF51CEC66EF /* Pods_NSURLSessionTest_NSURLSessionTestUITests.framework in Frameworks */,
			);
			runOnlyForDeploymentPostprocessing = 0;
		};
/* End PBXFrameworksBuildPhase section */

/* Begin PBXGroup section */
		164B4AAC23ADBA6D0029EF7A /* Video */ = {
			isa = PBXGroup;
			children = (
				164B4AAD23ADBA960029EF7A /* URLSessionTest.mov */,
			);
			path = Video;
			sourceTree = "<group>";
		};
		6D1602F623A4725000BE86C1 = {
			isa = PBXGroup;
			children = (
				6D16030123A4725000BE86C1 /* NSURLSessionTest */,
				6D16031A23A4725700BE86C1 /* NSURLSessionTestTests */,
				6D16032523A4725700BE86C1 /* NSURLSessionTestUITests */,
				6D16030023A4725000BE86C1 /* Products */,
				7E839D73E21FBA76331683BB /* Pods */,
				AD986AB6DF64284AD3B6A6AE /* Frameworks */,
			);
			sourceTree = "<group>";
		};
		6D16030023A4725000BE86C1 /* Products */ = {
			isa = PBXGroup;
			children = (
				6D1602FF23A4725000BE86C1 /* NSURLSessionTest.app */,
				6D16031723A4725700BE86C1 /* NSURLSessionTestTests.xctest */,
				6D16032223A4725700BE86C1 /* NSURLSessionTestUITests.xctest */,
			);
			name = Products;
			sourceTree = "<group>";
		};
		6D16030123A4725000BE86C1 /* NSURLSessionTest */ = {
			isa = PBXGroup;
			children = (
				164B4AAC23ADBA6D0029EF7A /* Video */,
				6D16030223A4725000BE86C1 /* AppDelegate.h */,
				6D16030323A4725000BE86C1 /* AppDelegate.m */,
				6D16030523A4725000BE86C1 /* ViewController.h */,
				6D16030623A4725000BE86C1 /* ViewController.m */,
				6D16030823A4725000BE86C1 /* Main.storyboard */,
				6D16030B23A4725600BE86C1 /* Assets.xcassets */,
				6D16030D23A4725600BE86C1 /* LaunchScreen.storyboard */,
				6D16031023A4725600BE86C1 /* Info.plist */,
				6D16031123A4725600BE86C1 /* main.m */,
			);
			path = NSURLSessionTest;
			sourceTree = "<group>";
		};
		6D16031A23A4725700BE86C1 /* NSURLSessionTestTests */ = {
			isa = PBXGroup;
			children = (
				6D16031B23A4725700BE86C1 /* NSURLSessionTestTests.m */,
				6D16031D23A4725700BE86C1 /* Info.plist */,
			);
			path = NSURLSessionTestTests;
			sourceTree = "<group>";
		};
		6D16032523A4725700BE86C1 /* NSURLSessionTestUITests */ = {
			isa = PBXGroup;
			children = (
				6D16032623A4725700BE86C1 /* NSURLSessionTestUITests.m */,
				6D16032823A4725700BE86C1 /* Info.plist */,
			);
			path = NSURLSessionTestUITests;
			sourceTree = "<group>";
		};
		7E839D73E21FBA76331683BB /* Pods */ = {
			isa = PBXGroup;
			children = (
				85D38DCDA4C827A11E1ADF92 /* Pods-NSURLSessionTest.debug.xcconfig */,
				ACE73481C849A6934F804182 /* Pods-NSURLSessionTest.release.xcconfig */,
				24BE380BEE96AF66FCBFA261 /* Pods-NSURLSessionTest-NSURLSessionTestUITests.debug.xcconfig */,
				2B3D32FA12BEFFCBB4E9290E /* Pods-NSURLSessionTest-NSURLSessionTestUITests.release.xcconfig */,
				98E4FDE2B2B88EBAFB6ED0AC /* Pods-NSURLSessionTestTests.debug.xcconfig */,
				0A12A9AF74E00D615CD5C51B /* Pods-NSURLSessionTestTests.release.xcconfig */,
			);
			path = Pods;
			sourceTree = "<group>";
		};
		AD986AB6DF64284AD3B6A6AE /* Frameworks */ = {
			isa = PBXGroup;
			children = (
				9C33BEC66025931BE86FA440 /* Pods_NSURLSessionTest.framework */,
				42A7B9A8B1CC16E6C83A5273 /* Pods_NSURLSessionTest_NSURLSessionTestUITests.framework */,
				E976F5681EFCD49A1023B5C1 /* Pods_NSURLSessionTestTests.framework */,
			);
			name = Frameworks;
			sourceTree = "<group>";
		};
/* End PBXGroup section */

/* Begin PBXNativeTarget section */
		6D1602FE23A4725000BE86C1 /* NSURLSessionTest */ = {
			isa = PBXNativeTarget;
			buildConfigurationList = 6D16032B23A4725700BE86C1 /* Build configuration list for PBXNativeTarget "NSURLSessionTest" */;
			buildPhases = (
				8566E05216E8FB677240BDCA /* [CP] Check Pods Manifest.lock */,
				6D1602FB23A4725000BE86C1 /* Sources */,
				6D1602FC23A4725000BE86C1 /* Frameworks */,
				6D1602FD23A4725000BE86C1 /* Resources */,
			);
			buildRules = (
			);
			dependencies = (
			);
			name = NSURLSessionTest;
			productName = NSURLSessionTest;
			productReference = 6D1602FF23A4725000BE86C1 /* NSURLSessionTest.app */;
			productType = "com.apple.product-type.application";
		};
		6D16031623A4725700BE86C1 /* NSURLSessionTestTests */ = {
			isa = PBXNativeTarget;
			buildConfigurationList = 6D16032E23A4725700BE86C1 /* Build configuration list for PBXNativeTarget "NSURLSessionTestTests" */;
			buildPhases = (
				3E89E1536884F634B7A85630 /* [CP] Check Pods Manifest.lock */,
				6D16031323A4725700BE86C1 /* Sources */,
				6D16031423A4725700BE86C1 /* Frameworks */,
				6D16031523A4725700BE86C1 /* Resources */,
			);
			buildRules = (
			);
			dependencies = (
				6D16031923A4725700BE86C1 /* PBXTargetDependency */,
			);
			name = NSURLSessionTestTests;
			productName = NSURLSessionTestTests;
			productReference = 6D16031723A4725700BE86C1 /* NSURLSessionTestTests.xctest */;
			productType = "com.apple.product-type.bundle.unit-test";
		};
		6D16032123A4725700BE86C1 /* NSURLSessionTestUITests */ = {
			isa = PBXNativeTarget;
			buildConfigurationList = 6D16033123A4725700BE86C1 /* Build configuration list for PBXNativeTarget "NSURLSessionTestUITests" */;
			buildPhases = (
				689E37731195F985C146E272 /* [CP] Check Pods Manifest.lock */,
				6D16031E23A4725700BE86C1 /* Sources */,
				6D16031F23A4725700BE86C1 /* Frameworks */,
				6D16032023A4725700BE86C1 /* Resources */,
			);
			buildRules = (
			);
			dependencies = (
				6D16032423A4725700BE86C1 /* PBXTargetDependency */,
			);
			name = NSURLSessionTestUITests;
			productName = NSURLSessionTestUITests;
			productReference = 6D16032223A4725700BE86C1 /* NSURLSessionTestUITests.xctest */;
			productType = "com.apple.product-type.bundle.ui-testing";
		};
/* End PBXNativeTarget section */

/* Begin PBXProject section */
		6D1602F723A4725000BE86C1 /* Project object */ = {
			isa = PBXProject;
			attributes = {
				LastUpgradeCheck = 1020;
				ORGANIZATIONNAME = wzm;
				TargetAttributes = {
					6D1602FE23A4725000BE86C1 = {
						CreatedOnToolsVersion = 10.2.1;
					};
					6D16031623A4725700BE86C1 = {
						CreatedOnToolsVersion = 10.2.1;
						TestTargetID = 6D1602FE23A4725000BE86C1;
					};
					6D16032123A4725700BE86C1 = {
						CreatedOnToolsVersion = 10.2.1;
						TestTargetID = 6D1602FE23A4725000BE86C1;
					};
				};
			};
			buildConfigurationList = 6D1602FA23A4725000BE86C1 /* Build configuration list for PBXProject "NSURLSessionTest" */;
			compatibilityVersion = "Xcode 9.3";
			developmentRegion = en;
			hasScannedForEncodings = 0;
			knownRegions = (
				en,
				Base,
			);
			mainGroup = 6D1602F623A4725000BE86C1;
			productRefGroup = 6D16030023A4725000BE86C1 /* Products */;
			projectDirPath = "";
			projectRoot = "";
			targets = (
				6D1602FE23A4725000BE86C1 /* NSURLSessionTest */,
				6D16031623A4725700BE86C1 /* NSURLSessionTestTests */,
				6D16032123A4725700BE86C1 /* NSURLSessionTestUITests */,
			);
		};
/* End PBXProject section */

/* Begin PBXResourcesBuildPhase section */
		6D1602FD23A4725000BE86C1 /* Resources */ = {
			isa = PBXResourcesBuildPhase;
			buildActionMask = 2147483647;
			files = (
				6D16030F23A4725600BE86C1 /* LaunchScreen.storyboard in Resources */,
				164B4AAE23ADBA960029EF7A /* URLSessionTest.mov in Resources */,
				6D16030C23A4725600BE86C1 /* Assets.xcassets in Resources */,
				6D16030A23A4725000BE86C1 /* Main.storyboard in Resources */,
			);
			runOnlyForDeploymentPostprocessing = 0;
		};
		6D16031523A4725700BE86C1 /* Resources */ = {
			isa = PBXResourcesBuildPhase;
			buildActionMask = 2147483647;
			files = (
			);
			runOnlyForDeploymentPostprocessing = 0;
		};
		6D16032023A4725700BE86C1 /* Resources */ = {
			isa = PBXResourcesBuildPhase;
			buildActionMask = 2147483647;
			files = (
			);
			runOnlyForDeploymentPostprocessing = 0;
		};
/* End PBXResourcesBuildPhase section */

/* Begin PBXShellScriptBuildPhase section */
		3E89E1536884F634B7A85630 /* [CP] Check Pods Manifest.lock */ = {
			isa = PBXShellScriptBuildPhase;
			buildActionMask = 2147483647;
			files = (
			);
			inputFileListPaths = (
			);
			inputPaths = (
				"${PODS_PODFILE_DIR_PATH}/Podfile.lock",
				"${PODS_ROOT}/Manifest.lock",
			);
			name = "[CP] Check Pods Manifest.lock";
			outputFileListPaths = (
			);
			outputPaths = (
				"$(DERIVED_FILE_DIR)/Pods-NSURLSessionTestTests-checkManifestLockResult.txt",
			);
			runOnlyForDeploymentPostprocessing = 0;
			shellPath = /bin/sh;
			shellScript = "diff \"${PODS_PODFILE_DIR_PATH}/Podfile.lock\" \"${PODS_ROOT}/Manifest.lock\" > /dev/null\nif [ $? != 0 ] ; then\n    # print error to STDERR\n    echo \"error: The sandbox is not in sync with the Podfile.lock. Run 'pod install' or update your CocoaPods installation.\" >&2\n    exit 1\nfi\n# This output is used by Xcode 'outputs' to avoid re-running this script phase.\necho \"SUCCESS\" > \"${SCRIPT_OUTPUT_FILE_0}\"\n";
			showEnvVarsInLog = 0;
		};
		689E37731195F985C146E272 /* [CP] Check Pods Manifest.lock */ = {
			isa = PBXShellScriptBuildPhase;
			buildActionMask = 2147483647;
			files = (
			);
			inputFileListPaths = (
			);
			inputPaths = (
				"${PODS_PODFILE_DIR_PATH}/Podfile.lock",
				"${PODS_ROOT}/Manifest.lock",
			);
			name = "[CP] Check Pods Manifest.lock";
			outputFileListPaths = (
			);
			outputPaths = (
				"$(DERIVED_FILE_DIR)/Pods-NSURLSessionTest-NSURLSessionTestUITests-checkManifestLockResult.txt",
			);
			runOnlyForDeploymentPostprocessing = 0;
			shellPath = /bin/sh;
			shellScript = "diff \"${PODS_PODFILE_DIR_PATH}/Podfile.lock\" \"${PODS_ROOT}/Manifest.lock\" > /dev/null\nif [ $? != 0 ] ; then\n    # print error to STDERR\n    echo \"error: The sandbox is not in sync with the Podfile.lock. Run 'pod install' or update your CocoaPods installation.\" >&2\n    exit 1\nfi\n# This output is used by Xcode 'outputs' to avoid re-running this script phase.\necho \"SUCCESS\" > \"${SCRIPT_OUTPUT_FILE_0}\"\n";
			showEnvVarsInLog = 0;
		};
		8566E05216E8FB677240BDCA /* [CP] Check Pods Manifest.lock */ = {
			isa = PBXShellScriptBuildPhase;
			buildActionMask = 2147483647;
			files = (
			);
			inputFileListPaths = (
			);
			inputPaths = (
				"${PODS_PODFILE_DIR_PATH}/Podfile.lock",
				"${PODS_ROOT}/Manifest.lock",
			);
			name = "[CP] Check Pods Manifest.lock";
			outputFileListPaths = (
			);
			outputPaths = (
				"$(DERIVED_FILE_DIR)/Pods-NSURLSessionTest-checkManifestLockResult.txt",
			);
			runOnlyForDeploymentPostprocessing = 0;
			shellPath = /bin/sh;
			shellScript = "diff \"${PODS_PODFILE_DIR_PATH}/Podfile.lock\" \"${PODS_ROOT}/Manifest.lock\" > /dev/null\nif [ $? != 0 ] ; then\n    # print error to STDERR\n    echo \"error: The sandbox is not in sync with the Podfile.lock. Run 'pod install' or update your CocoaPods installation.\" >&2\n    exit 1\nfi\n# This output is used by Xcode 'outputs' to avoid re-running this script phase.\necho \"SUCCESS\" > \"${SCRIPT_OUTPUT_FILE_0}\"\n";
			showEnvVarsInLog = 0;
		};
/* End PBXShellScriptBuildPhase section */

/* Begin PBXSourcesBuildPhase section */
		6D1602FB23A4725000BE86C1 /* Sources */ = {
			isa = PBXSourcesBuildPhase;
			buildActionMask = 2147483647;
			files = (
				6D16030723A4725000BE86C1 /* ViewController.m in Sources */,
				6D16031223A4725600BE86C1 /* main.m in Sources */,
				6D16030423A4725000BE86C1 /* AppDelegate.m in Sources */,
			);
			runOnlyForDeploymentPostprocessing = 0;
		};
		6D16031323A4725700BE86C1 /* Sources */ = {
			isa = PBXSourcesBuildPhase;
			buildActionMask = 2147483647;
			files = (
				6D16031C23A4725700BE86C1 /* NSURLSessionTestTests.m in Sources */,
			);
			runOnlyForDeploymentPostprocessing = 0;
		};
		6D16031E23A4725700BE86C1 /* Sources */ = {
			isa = PBXSourcesBuildPhase;
			buildActionMask = 2147483647;
			files = (
				6D16032723A4725700BE86C1 /* NSURLSessionTestUITests.m in Sources */,
			);
			runOnlyForDeploymentPostprocessing = 0;
		};
/* End PBXSourcesBuildPhase section */

/* Begin PBXTargetDependency section */
		6D16031923A4725700BE86C1 /* PBXTargetDependency */ = {
			isa = PBXTargetDependency;
			target = 6D1602FE23A4725000BE86C1 /* NSURLSessionTest */;
			targetProxy = 6D16031823A4725700BE86C1 /* PBXContainerItemProxy */;
		};
		6D16032423A4725700BE86C1 /* PBXTargetDependency */ = {
			isa = PBXTargetDependency;
			target = 6D1602FE23A4725000BE86C1 /* NSURLSessionTest */;
			targetProxy = 6D16032323A4725700BE86C1 /* PBXContainerItemProxy */;
		};
/* End PBXTargetDependency section */

/* Begin PBXVariantGroup section */
		6D16030823A4725000BE86C1 /* Main.storyboard */ = {
			isa = PBXVariantGroup;
			children = (
				6D16030923A4725000BE86C1 /* Base */,
			);
			name = Main.storyboard;
			sourceTree = "<group>";
		};
		6D16030D23A4725600BE86C1 /* LaunchScreen.storyboard */ = {
			isa = PBXVariantGroup;
			children = (
				6D16030E23A4725600BE86C1 /* Base */,
			);
			name = LaunchScreen.storyboard;
			sourceTree = "<group>";
		};
/* End PBXVariantGroup section */

/* Begin XCBuildConfiguration section */
		6D16032923A4725700BE86C1 /* Debug */ = {
			isa = XCBuildConfiguration;
			buildSettings = {
				ALWAYS_SEARCH_USER_PATHS = NO;
				CLANG_ANALYZER_NONNULL = YES;
				CLANG_ANALYZER_NUMBER_OBJECT_CONVERSION = YES_AGGRESSIVE;
				CLANG_CXX_LANGUAGE_STANDARD = "gnu++14";
				CLANG_CXX_LIBRARY = "libc++";
				CLANG_ENABLE_MODULES = YES;
				CLANG_ENABLE_OBJC_ARC = YES;
				CLANG_ENABLE_OBJC_WEAK = YES;
				CLANG_WARN_BLOCK_CAPTURE_AUTORELEASING = YES;
				CLANG_WARN_BOOL_CONVERSION = YES;
				CLANG_WARN_COMMA = YES;
				CLANG_WARN_CONSTANT_CONVERSION = YES;
				CLANG_WARN_DEPRECATED_OBJC_IMPLEMENTATIONS = YES;
				CLANG_WARN_DIRECT_OBJC_ISA_USAGE = YES_ERROR;
				CLANG_WARN_DOCUMENTATION_COMMENTS = YES;
				CLANG_WARN_EMPTY_BODY = YES;
				CLANG_WARN_ENUM_CONVERSION = YES;
				CLANG_WARN_INFINITE_RECURSION = YES;
				CLANG_WARN_INT_CONVERSION = YES;
				CLANG_WARN_NON_LITERAL_NULL_CONVERSION = YES;
				CLANG_WARN_OBJC_IMPLICIT_RETAIN_SELF = YES;
				CLANG_WARN_OBJC_LITERAL_CONVERSION = YES;
				CLANG_WARN_OBJC_ROOT_CLASS = YES_ERROR;
				CLANG_WARN_RANGE_LOOP_ANALYSIS = YES;
				CLANG_WARN_STRICT_PROTOTYPES = YES;
				CLANG_WARN_SUSPICIOUS_MOVE = YES;
				CLANG_WARN_UNGUARDED_AVAILABILITY = YES_AGGRESSIVE;
				CLANG_WARN_UNREACHABLE_CODE = YES;
				CLANG_WARN__DUPLICATE_METHOD_MATCH = YES;
				CODE_SIGN_IDENTITY = "iPhone Developer";
				COPY_PHASE_STRIP = NO;
				DEBUG_INFORMATION_FORMAT = dwarf;
				ENABLE_STRICT_OBJC_MSGSEND = YES;
				ENABLE_TESTABILITY = YES;
				GCC_C_LANGUAGE_STANDARD = gnu11;
				GCC_DYNAMIC_NO_PIC = NO;
				GCC_NO_COMMON_BLOCKS = YES;
				GCC_OPTIMIZATION_LEVEL = 0;
				GCC_PREPROCESSOR_DEFINITIONS = (
					"DEBUG=1",
					"$(inherited)",
				);
				GCC_WARN_64_TO_32_BIT_CONVERSION = YES;
				GCC_WARN_ABOUT_RETURN_TYPE = YES_ERROR;
				GCC_WARN_UNDECLARED_SELECTOR = YES;
				GCC_WARN_UNINITIALIZED_AUTOS = YES_AGGRESSIVE;
				GCC_WARN_UNUSED_FUNCTION = YES;
				GCC_WARN_UNUSED_VARIABLE = YES;
				IPHONEOS_DEPLOYMENT_TARGET = 12.2;
				MTL_ENABLE_DEBUG_INFO = INCLUDE_SOURCE;
				MTL_FAST_MATH = YES;
				ONLY_ACTIVE_ARCH = YES;
				SDKROOT = iphoneos;
			};
			name = Debug;
		};
		6D16032A23A4725700BE86C1 /* Release */ = {
			isa = XCBuildConfiguration;
			buildSettings = {
				ALWAYS_SEARCH_USER_PATHS = NO;
				CLANG_ANALYZER_NONNULL = YES;
				CLANG_ANALYZER_NUMBER_OBJECT_CONVERSION = YES_AGGRESSIVE;
				CLANG_CXX_LANGUAGE_STANDARD = "gnu++14";
				CLANG_CXX_LIBRARY = "libc++";
				CLANG_ENABLE_MODULES = YES;
				CLANG_ENABLE_OBJC_ARC = YES;
				CLANG_ENABLE_OBJC_WEAK = YES;
				CLANG_WARN_BLOCK_CAPTURE_AUTORELEASING = YES;
				CLANG_WARN_BOOL_CONVERSION = YES;
				CLANG_WARN_COMMA = YES;
				CLANG_WARN_CONSTANT_CONVERSION = YES;
				CLANG_WARN_DEPRECATED_OBJC_IMPLEMENTATIONS = YES;
				CLANG_WARN_DIRECT_OBJC_ISA_USAGE = YES_ERROR;
				CLANG_WARN_DOCUMENTATION_COMMENTS = YES;
				CLANG_WARN_EMPTY_BODY = YES;
				CLANG_WARN_ENUM_CONVERSION = YES;
				CLANG_WARN_INFINITE_RECURSION = YES;
				CLANG_WARN_INT_CONVERSION = YES;
				CLANG_WARN_NON_LITERAL_NULL_CONVERSION = YES;
				CLANG_WARN_OBJC_IMPLICIT_RETAIN_SELF = YES;
				CLANG_WARN_OBJC_LITERAL_CONVERSION = YES;
				CLANG_WARN_OBJC_ROOT_CLASS = YES_ERROR;
				CLANG_WARN_RANGE_LOOP_ANALYSIS = YES;
				CLANG_WARN_STRICT_PROTOTYPES = YES;
				CLANG_WARN_SUSPICIOUS_MOVE = YES;
				CLANG_WARN_UNGUARDED_AVAILABILITY = YES_AGGRESSIVE;
				CLANG_WARN_UNREACHABLE_CODE = YES;
				CLANG_WARN__DUPLICATE_METHOD_MATCH = YES;
				CODE_SIGN_IDENTITY = "iPhone Developer";
				COPY_PHASE_STRIP = NO;
				DEBUG_INFORMATION_FORMAT = "dwarf-with-dsym";
				ENABLE_NS_ASSERTIONS = NO;
				ENABLE_STRICT_OBJC_MSGSEND = YES;
				GCC_C_LANGUAGE_STANDARD = gnu11;
				GCC_NO_COMMON_BLOCKS = YES;
				GCC_WARN_64_TO_32_BIT_CONVERSION = YES;
				GCC_WARN_ABOUT_RETURN_TYPE = YES_ERROR;
				GCC_WARN_UNDECLARED_SELECTOR = YES;
				GCC_WARN_UNINITIALIZED_AUTOS = YES_AGGRESSIVE;
				GCC_WARN_UNUSED_FUNCTION = YES;
				GCC_WARN_UNUSED_VARIABLE = YES;
				IPHONEOS_DEPLOYMENT_TARGET = 12.2;
				MTL_ENABLE_DEBUG_INFO = NO;
				MTL_FAST_MATH = YES;
				SDKROOT = iphoneos;
				VALIDATE_PRODUCT = YES;
			};
			name = Release;
		};
		6D16032C23A4725700BE86C1 /* Debug */ = {
			isa = XCBuildConfiguration;
			baseConfigurationReference = 85D38DCDA4C827A11E1ADF92 /* Pods-NSURLSessionTest.debug.xcconfig */;
			buildSettings = {
				ASSETCATALOG_COMPILER_APPICON_NAME = AppIcon;
				CODE_SIGN_STYLE = Automatic;
				DEVELOPMENT_TEAM = 63B7F537F9;
				INFOPLIST_FILE = NSURLSessionTest/Info.plist;
				LD_RUNPATH_SEARCH_PATHS = (
					"$(inherited)",
					"@executable_path/Frameworks",
				);
				PRODUCT_BUNDLE_IDENTIFIER = com.wzm.NSURLSessionTests;
				PRODUCT_NAME = "$(TARGET_NAME)";
				TARGETED_DEVICE_FAMILY = "1,2";
			};
			name = Debug;
		};
		6D16032D23A4725700BE86C1 /* Release */ = {
			isa = XCBuildConfiguration;
			baseConfigurationReference = ACE73481C849A6934F804182 /* Pods-NSURLSessionTest.release.xcconfig */;
			buildSettings = {
				ASSETCATALOG_COMPILER_APPICON_NAME = AppIcon;
				CODE_SIGN_STYLE = Automatic;
				DEVELOPMENT_TEAM = HM6RFY3XNJ;
				INFOPLIST_FILE = NSURLSessionTest/Info.plist;
				LD_RUNPATH_SEARCH_PATHS = (
					"$(inherited)",
					"@executable_path/Frameworks",
				);
				PRODUCT_BUNDLE_IDENTIFIER = com.wzm.NSURLSessionTest;
				PRODUCT_NAME = "$(TARGET_NAME)";
				TARGETED_DEVICE_FAMILY = "1,2";
			};
			name = Release;
		};
		6D16032F23A4725700BE86C1 /* Debug */ = {
			isa = XCBuildConfiguration;
			baseConfigurationReference = 98E4FDE2B2B88EBAFB6ED0AC /* Pods-NSURLSessionTestTests.debug.xcconfig */;
			buildSettings = {
				BUNDLE_LOADER = "$(TEST_HOST)";
				CODE_SIGN_STYLE = Automatic;
				DEVELOPMENT_TEAM = 63B7F537F9;
				INFOPLIST_FILE = NSURLSessionTestTests/Info.plist;
				LD_RUNPATH_SEARCH_PATHS = (
					"$(inherited)",
					"@executable_path/Frameworks",
					"@loader_path/Frameworks",
				);
				PRODUCT_BUNDLE_IDENTIFIER = com.wzm.NSURLSessionTestTests;
				PRODUCT_NAME = "$(TARGET_NAME)";
				TARGETED_DEVICE_FAMILY = "1,2";
				TEST_HOST = "$(BUILT_PRODUCTS_DIR)/NSURLSessionTest.app/NSURLSessionTest";
			};
			name = Debug;
		};
		6D16033023A4725700BE86C1 /* Release */ = {
			isa = XCBuildConfiguration;
			baseConfigurationReference = 0A12A9AF74E00D615CD5C51B /* Pods-NSURLSessionTestTests.release.xcconfig */;
			buildSettings = {
				BUNDLE_LOADER = "$(TEST_HOST)";
				CODE_SIGN_STYLE = Automatic;
				DEVELOPMENT_TEAM = S4DYL85VRJ;
				INFOPLIST_FILE = NSURLSessionTestTests/Info.plist;
				LD_RUNPATH_SEARCH_PATHS = (
					"$(inherited)",
					"@executable_path/Frameworks",
					"@loader_path/Frameworks",
				);
				PRODUCT_BUNDLE_IDENTIFIER = com.wzm.NSURLSessionTestTests;
				PRODUCT_NAME = "$(TARGET_NAME)";
				TARGETED_DEVICE_FAMILY = "1,2";
				TEST_HOST = "$(BUILT_PRODUCTS_DIR)/NSURLSessionTest.app/NSURLSessionTest";
			};
			name = Release;
		};
		6D16033223A4725700BE86C1 /* Debug */ = {
			isa = XCBuildConfiguration;
			baseConfigurationReference = 24BE380BEE96AF66FCBFA261 /* Pods-NSURLSessionTest-NSURLSessionTestUITests.debug.xcconfig */;
			buildSettings = {
				CODE_SIGN_STYLE = Automatic;
				DEVELOPMENT_TEAM = 63B7F537F9;
				INFOPLIST_FILE = NSURLSessionTestUITests/Info.plist;
				LD_RUNPATH_SEARCH_PATHS = (
					"$(inherited)",
					"@executable_path/Frameworks",
					"@loader_path/Frameworks",
				);
				PRODUCT_BUNDLE_IDENTIFIER = com.wzm.NSURLSessionTestUITests;
				PRODUCT_NAME = "$(TARGET_NAME)";
				TARGETED_DEVICE_FAMILY = "1,2";
				TEST_TARGET_NAME = NSURLSessionTest;
			};
			name = Debug;
		};
		6D16033323A4725700BE86C1 /* Release */ = {
			isa = XCBuildConfiguration;
			baseConfigurationReference = 2B3D32FA12BEFFCBB4E9290E /* Pods-NSURLSessionTest-NSURLSessionTestUITests.release.xcconfig */;
			buildSettings = {
				CODE_SIGN_STYLE = Automatic;
				DEVELOPMENT_TEAM = S4DYL85VRJ;
				INFOPLIST_FILE = NSURLSessionTestUITests/Info.plist;
				LD_RUNPATH_SEARCH_PATHS = (
					"$(inherited)",
					"@executable_path/Frameworks",
					"@loader_path/Frameworks",
				);
				PRODUCT_BUNDLE_IDENTIFIER = com.wzm.NSURLSessionTestUITests;
				PRODUCT_NAME = "$(TARGET_NAME)";
				TARGETED_DEVICE_FAMILY = "1,2";
				TEST_TARGET_NAME = NSURLSessionTest;
			};
			name = Release;
		};
/* End XCBuildConfiguration section */

/* Begin XCConfigurationList section */
		6D1602FA23A4725000BE86C1 /* Build configuration list for PBXProject "NSURLSessionTest" */ = {
			isa = XCConfigurationList;
			buildConfigurations = (
				6D16032923A4725700BE86C1 /* Debug */,
				6D16032A23A4725700BE86C1 /* Release */,
			);
			defaultConfigurationIsVisible = 0;
			defaultConfigurationName = Release;
		};
		6D16032B23A4725700BE86C1 /* Build configuration list for PBXNativeTarget "NSURLSessionTest" */ = {
			isa = XCConfigurationList;
			buildConfigurations = (
				6D16032C23A4725700BE86C1 /* Debug */,
				6D16032D23A4725700BE86C1 /* Release */,
			);
			defaultConfigurationIsVisible = 0;
			defaultConfigurationName = Release;
		};
		6D16032E23A4725700BE86C1 /* Build configuration list for PBXNativeTarget "NSURLSessionTestTests" */ = {
			isa = XCConfigurationList;
			buildConfigurations = (
				6D16032F23A4725700BE86C1 /* Debug */,
				6D16033023A4725700BE86C1 /* Release */,
			);
			defaultConfigurationIsVisible = 0;
			defaultConfigurationName = Release;
		};
		6D16033123A4725700BE86C1 /* Build configuration list for PBXNativeTarget "NSURLSessionTestUITests" */ = {
			isa = XCConfigurationList;
			buildConfigurations = (
				6D16033223A4725700BE86C1 /* Debug */,
				6D16033323A4725700BE86C1 /* Release */,
			);
			defaultConfigurationIsVisible = 0;
			defaultConfigurationName = Release;
		};
/* End XCConfigurationList section */
	};
	rootObject = 6D1602F723A4725000BE86C1 /* Project object */;
}
